Microsoft Visual Studio Solution File, Format Version 12.00
# Visual Studio Version 17
VisualStudioVersion = 17.5.2.0
MinimumVisualStudioVersion = 10.0.40219.1
Project("{FAE04EC0-301F-11D3-BF4B-00C04F79EFBC}") = "aula-laco-repeticao", "aula-laco-repeticao.csproj", "{DB68FF94-CC74-5F85-5E96-C8E66F5D5EC0}"
EndProject
Global
	GlobalSection(SolutionConfigurationPlatforms) = preSolution
		Debug|Any CPU = Debug|Any CPU
		Release|Any CPU = Release|Any CPU
	EndGlobalSection
	GlobalSection(ProjectConfigurationPlatforms) = postSolution
		{DB68FF94-CC74-5F85-5E96-C8E66F5D5EC0}.Debug|Any CPU.ActiveCfg = Debug|Any CPU
		{DB68FF94-CC74-5F85-5E96-C8E66F5D5EC0}.Debug|Any CPU.Build.0 = Debug|Any CPU
		{DB68FF94-CC74-5F85-5E96-C8E66F5D5EC0}.Release|Any CPU.ActiveCfg = Release|Any CPU
		{DB68FF94-CC74-5F85-5E96-C8E66F5D5EC0}.Release|Any CPU.Build.0 = Release|Any CPU
	EndGlobalSection
	GlobalSection(SolutionProperties) = preSolution
		HideSolutionNode = FALSE
	EndGlobalSection
	GlobalSection(ExtensibilityGlobals) = postSolution
		SolutionGuid = {7772C53C-4CAE-455A-83E4-FD1D2709A29C}
	EndGlobalSection
EndGlobal
